
Microsoft Visual Studio Solution File, Format Version 12.00
# Visual Studio Version 16
VisualStudioVersion = 16.0.32002.261
MinimumVisualStudioVersion = 10.0.40219.1
Project("{9A19103F-16F7-4668-BE54-9A1E7A4F7556}") = "MapCreationTool", "MapCreationTool\MapCreationTool.csproj", "{C07A005A-07D2-45D9-8041-5D8846EBC2C1}"
EndProject
Global
	GlobalSection(SolutionConfigurationPlatforms) = preSolution
		Debug|Any CPU = Debug|Any CPU
		Debug|x64 = Debug|x64
		Debug|x86 = Debug|x86
		Release|Any CPU = Release|Any CPU
		Release|x64 = Release|x64
		Release|x86 = Release|x86
	EndGlobalSection
	GlobalSection(ProjectConfigurationPlatforms) = postSolution
		{C07A005A-07D2-45D9-8041-5D8846EBC2C1}.Debug|Any CPU.ActiveCfg = Debug|x64
		{C07A005A-07D2-45D9-8041-5D8846EBC2C1}.Debug|Any CPU.Build.0 = Debug|x64
		{C07A005A-07D2-45D9-8041-5D8846EBC2C1}.Debug|x64.ActiveCfg = Debug|x64
		{C07A005A-07D2-45D9-8041-5D8846EBC2C1}.Debug|x64.Build.0 = Debug|x64
		{C07A005A-07D2-45D9-8041-5D8846EBC2C1}.Debug|x86.ActiveCfg = Debug|x86
		{C07A005A-07D2-45D9-8041-5D8846EBC2C1}.Debug|x86.Build.0 = Debug|x86
		{C07A005A-07D2-45D9-8041-5D8846EBC2C1}.Release|Any CPU.ActiveCfg = Release|x64
		{C07A005A-07D2-45D9-8041-5D8846EBC2C1}.Release|Any CPU.Build.0 = Release|x64
		{C07A005A-07D2-45D9-8041-5D8846EBC2C1}.Release|x64.ActiveCfg = Release|x64
		{C07A005A-07D2-45D9-8041-5D8846EBC2C1}.Release|x64.Build.0 = Release|x64
		{C07A005A-07D2-45D9-8041-5D8846EBC2C1}.Release|x86.ActiveCfg = Release|x86
		{C07A005A-07D2-45D9-8041-5D8846EBC2C1}.Release|x86.Build.0 = Release|x86
	EndGlobalSection
	GlobalSection(SolutionProperties) = preSolution
		HideSolutionNode = FALSE
	EndGlobalSection
	GlobalSection(ExtensibilityGlobals) = postSolution
		SolutionGuid = {FBFCC2BD-ED72-4FFB-AC71-AFB4CA5943CF}
	EndGlobalSection
EndGlobal
